{
  "name": "branchleft-shared-infra",
  "lockfileVersion": 3,
  "requires": true,
  "packages": {
    "": {
      "name": "branchleft-shared-infra",
      "license": "SEE LICENSE IN LICENSE",
      "devDependencies": {
        "@branchleft/prettier-config": "^0.3.1",
        "@branchleft/tsconfig": "^0.3.1",
        "@types/node": "^26",
        "prettier": "^3.9.6",
        "typescript": "^5.9.0"
      }
    },
    "node_modules/@branchleft/prettier-config": {
      "version": "0.3.1",
      "resolved": "https://npm.pkg.github.com/download/@branchleft/prettier-config/0.3.1/b60e80d1edecfd4ca143afa464f60e88ac9461d3",
      "integrity": "sha512-hbcpVMSNnnBdwwpjQtIlCqOYam0lihlGJ4et7flmDJCRb/DmndvQgF8dWosXoA2xrVHb14bzJ3GE8NvzpN9RJA==",
      "dev": true,
      "license": "MIT"
    },
    "node_modules/@branchleft/tsconfig": {
      "version": "0.3.1",
      "resolved": "https://npm.pkg.github.com/download/@branchleft/tsconfig/0.3.1/2e0d24028d28b8d2b476b77093f11e9816843cd0",
      "integrity": "sha512-yWAPpeDbHiyHc/aA7eFdAqR3ZqeI3IF2gzcGzf5vvTPmEDFUtXM50tnfaEeDYlrdC/oY/6uHMTyRKnSdAJNo7A==",
      "dev": true,
      "license": "MIT"
    },
    "node_modules/@types/node": {
      "version": "26.6.1",
      "resolved": "https://registry.npmjs.org/@types/node/-/node-26.6.1.tgz",
      "integrity": "sha512-VqGJBMCtdhqkBUCcBLvywI0NJ+KLuVzgNnlBUNFOQjqVxzo2lxLUNg1DSey8+u2u6ktswSAxg+s68QLzWHNOuA==",
      "dev": true,
      "license": "MIT",
      "dependencies": {
        "undici-types": "~8.9.0"
      }
    },
    "node_modules/prettier": {
      "version": "3.9.6",
      "resolved": "https://registry.npmjs.org/prettier/-/prettier-3.9.6.tgz",
      "integrity": "sha512-OpN0zzVdiaiAhxpuuj5efpIS4sY9j7bY6uR5mnj5yPzGkdkjNKSJeUThPb60Jw29QuAZgA4o+/iB49kFiaBX6g==",
      "dev": true,
      "license": "MIT",
      "bin": {
        "prettier": "bin/prettier.cjs"
      },
      "engines": {
        "node": ">=14"
      },
      "funding": {
        "url": "https://github.com/prettier/prettier?sponsor=1"
      }
    },
    "node_modules/typescript": {
      "version": "5.9.3",
      "resolved": "https://registry.npmjs.org/typescript/-/typescript-5.9.3.tgz",
      "integrity": "sha512-jl1vZzPDinLr9eUt3J/t7V6FgNEw9QjvBPdysz9KfQDD41fQrC2Y4vKQdiaUpFT4bXlb1RHhLpp8wtm6M5TgSw==",
      "dev": true,
      "license": "Apache-2.0",
      "bin": {
        "tsc": "bin/tsc",
        "tsserver": "bin/tsserver"
      },
      "engines": {
        "node": ">=14.17"
      }
    },
    "node_modules/undici-types": {
      "version": "8.9.0",
      "resolved": "https://registry.npmjs.org/undici-types/-/undici-types-8.9.0.tgz",
      "integrity": "sha512-KTDyRTYX8sWmKXAikPHHSyc63CRPETMctyjKFupcC6OBLXT3xsN0e9aF7m+mIXutFWpUXuedtowG7iLOzp0kQg==",
      "dev": true,
      "license": "MIT"
    }
  }
}
